
Microsoft Visual Studio Solution File, Format Version 12.00
# Visual Studio Version 17
VisualStudioVersion = 17.5.002.0
MinimumVisualStudioVersion = 10.0.40219.1
Project("{9A19103F-16F7-4668-BE54-9A1E7A4F7556}") = "kendo-londrina-src", "src\kendo-londrina-src.csproj", "{784B160E-AB47-4CA8-B261-379612834100}"
EndProject
Project("{9A19103F-16F7-4668-BE54-9A1E7A4F7556}") = "kendo-londrina-test", "test\kendo-londrina-test.csproj", "{4ECBE176-785A-4FD7-B5E2-404402BBA17E}"
EndProject
Global
	GlobalSection(SolutionConfigurationPlatforms) = preSolution
		Debug|Any CPU = Debug|Any CPU
		Release|Any CPU = Release|Any CPU
	EndGlobalSection
	GlobalSection(ProjectConfigurationPlatforms) = postSolution
		{784B160E-AB47-4CA8-B261-379612834100}.Debug|Any CPU.ActiveCfg = Debug|Any CPU
		{784B160E-AB47-4CA8-B261-379612834100}.Debug|Any CPU.Build.0 = Debug|Any CPU
		{784B160E-AB47-4CA8-B261-379612834100}.Release|Any CPU.ActiveCfg = Release|Any CPU
		{784B160E-AB47-4CA8-B261-379612834100}.Release|Any CPU.Build.0 = Release|Any CPU
		{4ECBE176-785A-4FD7-B5E2-404402BBA17E}.Debug|Any CPU.ActiveCfg = Debug|Any CPU
		{4ECBE176-785A-4FD7-B5E2-404402BBA17E}.Debug|Any CPU.Build.0 = Debug|Any CPU
		{4ECBE176-785A-4FD7-B5E2-404402BBA17E}.Release|Any CPU.ActiveCfg = Release|Any CPU
		{4ECBE176-785A-4FD7-B5E2-404402BBA17E}.Release|Any CPU.Build.0 = Release|Any CPU
	EndGlobalSection
	GlobalSection(SolutionProperties) = preSolution
		HideSolutionNode = FALSE
	EndGlobalSection
	GlobalSection(ExtensibilityGlobals) = postSolution
		SolutionGuid = {9AC25810-D7D9-4DBC-BE84-7D864319D3CA}
	EndGlobalSection
EndGlobal
